
Microsoft Visual Studio Solution File, Format Version 12.00
# Visual Studio Version 16
VisualStudioVersion = 16.0.30621.155
MinimumVisualStudioVersion = 10.0.40219.1
Project("{FAE04EC0-301F-11D3-BF4B-00C04F79EFBC}") = "ListBoxBindingSample", "ListBoxBindingSample\ListBoxBindingSample.csproj", "{A8C38B65-581A-4659-B2BC-9D602F43D0C4}"
EndProject
Global
	GlobalSection(SolutionConfigurationPlatforms) = preSolution
		Debug|Any CPU = Debug|Any CPU
		Release|Any CPU = Release|Any CPU
	EndGlobalSection
	GlobalSection(ProjectConfigurationPlatforms) = postSolution
		{A8C38B65-581A-4659-B2BC-9D602F43D0C4}.Debug|Any CPU.ActiveCfg = Debug|Any CPU
		{A8C38B65-581A-4659-B2BC-9D602F43D0C4}.Debug|Any CPU.Build.0 = Debug|Any CPU
		{A8C38B65-581A-4659-B2BC-9D602F43D0C4}.Release|Any CPU.ActiveCfg = Release|Any CPU
		{A8C38B65-581A-4659-B2BC-9D602F43D0C4}.Release|Any CPU.Build.0 = Release|Any CPU
	EndGlobalSection
	GlobalSection(SolutionProperties) = preSolution
		HideSolutionNode = FALSE
	EndGlobalSection
	GlobalSection(ExtensibilityGlobals) = postSolution
		SolutionGuid = {6C105C85-93E9-4682-92E1-8184A0C3A57E}
	EndGlobalSection
EndGlobal
